
Microsoft Visual Studio Solution File, Format Version 12.00
# Visual Studio Version 17
VisualStudioVersion = 17.9.34728.123
MinimumVisualStudioVersion = 10.0.40219.1
Project("{FAE04EC0-301F-11D3-BF4B-00C04F79EFBC}") = "Basic Loops", "Basic Loops\Basic Loops.csproj", "{342813AA-7199-4ED2-9C2A-BDD33BCD492E}"
EndProject
Global
	GlobalSection(SolutionConfigurationPlatforms) = preSolution
		Debug|Any CPU = Debug|Any CPU
		Release|Any CPU = Release|Any CPU
	EndGlobalSection
	GlobalSection(ProjectConfigurationPlatforms) = postSolution
		{342813AA-7199-4ED2-9C2A-BDD33BCD492E}.Debug|Any CPU.ActiveCfg = Debug|Any CPU
		{342813AA-7199-4ED2-9C2A-BDD33BCD492E}.Debug|Any CPU.Build.0 = Debug|Any CPU
		{342813AA-7199-4ED2-9C2A-BDD33BCD492E}.Release|Any CPU.ActiveCfg = Release|Any CPU
		{342813AA-7199-4ED2-9C2A-BDD33BCD492E}.Release|Any CPU.Build.0 = Release|Any CPU
	EndGlobalSection
	GlobalSection(SolutionProperties) = preSolution
		HideSolutionNode = FALSE
	EndGlobalSection
	GlobalSection(ExtensibilityGlobals) = postSolution
		SolutionGuid = {12E7C29D-3C47-4D8E-ADE9-23AC52B58CEA}
	EndGlobalSection
EndGlobal
