
Microsoft Visual Studio Solution File, Format Version 12.00
# Visual Studio Version 17
VisualStudioVersion = 17.9.34728.123
MinimumVisualStudioVersion = 10.0.40219.1
Project("{FAE04EC0-301F-11D3-BF4B-00C04F79EFBC}") = "Movie Database", "Movie Database.csproj", "{03575BA3-2E41-442E-8C86-1C64CAA73E5E}"
EndProject
Global
	GlobalSection(SolutionConfigurationPlatforms) = preSolution
		Debug|Any CPU = Debug|Any CPU
		Release|Any CPU = Release|Any CPU
	EndGlobalSection
	GlobalSection(ProjectConfigurationPlatforms) = postSolution
		{03575BA3-2E41-442E-8C86-1C64CAA73E5E}.Debug|Any CPU.ActiveCfg = Debug|Any CPU
		{03575BA3-2E41-442E-8C86-1C64CAA73E5E}.Debug|Any CPU.Build.0 = Debug|Any CPU
		{03575BA3-2E41-442E-8C86-1C64CAA73E5E}.Release|Any CPU.ActiveCfg = Release|Any CPU
		{03575BA3-2E41-442E-8C86-1C64CAA73E5E}.Release|Any CPU.Build.0 = Release|Any CPU
	EndGlobalSection
	GlobalSection(SolutionProperties) = preSolution
		HideSolutionNode = FALSE
	EndGlobalSection
	GlobalSection(ExtensibilityGlobals) = postSolution
		SolutionGuid = {943303A7-D811-4C6A-A6C1-5D4D7C776695}
	EndGlobalSection
EndGlobal
